// !$*UTF8*$!
{
	archiveVersion = 1;
	classes = {
	};
	objectVersion = 51;
	objects = {

/* Begin PBXBuildFile section */
		0CE823B31E68E2D5F3CB4586 /* Pods_Parstagram_ParstagramUITests.framework in Frameworks */ = {isa = PBXBuildFile; fileRef = 1974620F61FF8D4684D2C30D /* Pods_Parstagram_ParstagramUITests.framework */; };
		5A506B759DC5AD377BBE729F /* Pods_Parstagram.framework in Frameworks */ = {isa = PBXBuildFile; fileRef = 5BC8DA3BDD04FCCEE4834A23 /* Pods_Parstagram.framework */; };
		78CD4AB95205CE17B21448E4 /* Pods_ParstagramTests.framework in Frameworks */ = {isa = PBXBuildFile; fileRef = 4AF8808D6EC0B4B7E90EEE43 /* Pods_ParstagramTests.framework */; };
		EF1A5C9E237FBAF7007A12AA /* LoginViewController.swift in Sources */ = {isa = PBXBuildFile; fileRef = EF1A5C9D237FBAF7007A12AA /* LoginViewController.swift */; };
		EF1A5CA0237FBB05007A12AA /* FeedViewController.swift in Sources */ = {isa = PBXBuildFile; fileRef = EF1A5C9F237FBB05007A12AA /* FeedViewController.swift */; };
		EF2D5A8B237FCA6A005A81AA /* CameraViewController.swift in Sources */ = {isa = PBXBuildFile; fileRef = EF2D5A8A237FCA6A005A81AA /* CameraViewController.swift */; };
		EF2D5A8D237FD206005A81AA /* PostCell.swift in Sources */ = {isa = PBXBuildFile; fileRef = EF2D5A8C237FD206005A81AA /* PostCell.swift */; };
		EF674F3D23850B2F00CABC6D /* CommentCell.swift in Sources */ = {isa = PBXBuildFile; fileRef = EF674F3C23850B2F00CABC6D /* CommentCell.swift */; };
		EFDD6436237F2C9800AEAF84 /* AppDelegate.swift in Sources */ = {isa = PBXBuildFile; fileRef = EFDD6435237F2C9800AEAF84 /* AppDelegate.swift */; };
		EFDD643B237F2C9800AEAF84 /* Main.storyboard in Resources */ = {isa = PBXBuildFile; fileRef = EFDD6439237F2C9800AEAF84 /* Main.storyboard */; };
		EFDD643D237F2C9A00AEAF84 /* Assets.xcassets in Resources */ = {isa = PBXBuildFile; fileRef = EFDD643C237F2C9A00AEAF84 /* Assets.xcassets */; };
		EFDD6440237F2C9A00AEAF84 /* LaunchScreen.storyboard in Resources */ = {isa = PBXBuildFile; fileRef = EFDD643E237F2C9A00AEAF84 /* LaunchScreen.storyboard */; };
		EFDD644B237F2C9A00AEAF84 /* ParstagramTests.swift in Sources */ = {isa = PBXBuildFile; fileRef = EFDD644A237F2C9A00AEAF84 /* ParstagramTests.swift */; };
		EFDD6456237F2C9A00AEAF84 /* ParstagramUITests.swift in Sources */ = {isa = PBXBuildFile; fileRef = EFDD6455237F2C9A00AEAF84 /* ParstagramUITests.swift */; };
/* End PBXBuildFile section */

/* Begin PBXContainerItemProxy section */
		EFDD6447237F2C9A00AEAF84 /* PBXContainerItemProxy */ = {
			isa = PBXContainerItemProxy;
			containerPortal = EFDD642A237F2C9800AEAF84 /* Project object */;
			proxyType = 1;
			remoteGlobalIDString = EFDD6431237F2C9800AEAF84;
			remoteInfo = Parstagram;
		};
		EFDD6452237F2C9A00AEAF84 /* PBXContainerItemProxy */ = {
			isa = PBXContainerItemProxy;
			containerPortal = EFDD642A237F2C9800AEAF84 /* Project object */;
			proxyType = 1;
			remoteGlobalIDString = EFDD6431237F2C9800AEAF84;
			remoteInfo = Parstagram;
		};
/* End PBXContainerItemProxy section */

/* Begin PBXFileReference section */
		18384FC842128C39B6CA8CF3 /* Pods-ParstagramTests.debug.xcconfig */ = {isa = PBXFileReference; includeInIndex = 1; lastKnownFileType = text.xcconfig; name = "Pods-ParstagramTests.debug.xcconfig"; path = "Target Support Files/Pods-ParstagramTests/Pods-ParstagramTests.debug.xcconfig"; sourceTree = "<group>"; };
		1974620F61FF8D4684D2C30D /* Pods_Parstagram_ParstagramUITests.framework */ = {isa = PBXFileReference; explicitFileType = wrapper.framework; includeInIndex = 0; path = Pods_Parstagram_ParstagramUITests.framework; sourceTree = BUILT_PRODUCTS_DIR; };
		4AF36F739679885BD9C56730 /* Pods-Parstagram-ParstagramUITests.release.xcconfig */ = {isa = PBXFileReference; includeInIndex = 1; lastKnownFileType = text.xcconfig; name = "Pods-Parstagram-ParstagramUITests.release.xcconfig"; path = "Target Support Files/Pods-Parstagram-ParstagramUITests/Pods-Parstagram-ParstagramUITests.release.xcconfig"; sourceTree = "<group>"; };
		4AF8808D6EC0B4B7E90EEE43 /* Pods_ParstagramTests.framework */ = {isa = PBXFileReference; explicitFileType = wrapper.framework; includeInIndex = 0; path = Pods_ParstagramTests.framework; sourceTree = BUILT_PRODUCTS_DIR; };
		5BC8DA3BDD04FCCEE4834A23 /* Pods_Parstagram.framework */ = {isa = PBXFileReference; explicitFileType = wrapper.framework; includeInIndex = 0; path = Pods_Parstagram.framework; sourceTree = BUILT_PRODUCTS_DIR; };
		81E050231F21BF69F3E5F4DC /* Pods-ParstagramTests.release.xcconfig */ = {isa = PBXFileReference; includeInIndex = 1; lastKnownFileType = text.xcconfig; name = "Pods-ParstagramTests.release.xcconfig"; path = "Target Support Files/Pods-ParstagramTests/Pods-ParstagramTests.release.xcconfig"; sourceTree = "<group>"; };
		AFCFFCB76296E4FDACAD1EB5 /* Pods-Parstagram.release.xcconfig */ = {isa = PBXFileReference; includeInIndex = 1; lastKnownFileType = text.xcconfig; name = "Pods-Parstagram.release.xcconfig"; path = "Target Support Files/Pods-Parstagram/Pods-Parstagram.release.xcconfig"; sourceTree = "<group>"; };
		C545CE31B66E6BF257085E6F /* Pods-Parstagram.debug.xcconfig */ = {isa = PBXFileReference; includeInIndex = 1; lastKnownFileType = text.xcconfig; name = "Pods-Parstagram.debug.xcconfig"; path = "Target Support Files/Pods-Parstagram/Pods-Parstagram.debug.xcconfig"; sourceTree = "<group>"; };
		E895CBDCD61F01193EAE411D /* Pods-Parstagram-ParstagramUITests.debug.xcconfig */ = {isa = PBXFileReference; includeInIndex = 1; lastKnownFileType = text.xcconfig; name = "Pods-Parstagram-ParstagramUITests.debug.xcconfig"; path = "Target Support Files/Pods-Parstagram-ParstagramUITests/Pods-Parstagram-ParstagramUITests.debug.xcconfig"; sourceTree = "<group>"; };
		EF1A5C9D237FBAF7007A12AA /* LoginViewController.swift */ = {isa = PBXFileReference; lastKnownFileType = sourcecode.swift; path = LoginViewController.swift; sourceTree = "<group>"; };
		EF1A5C9F237FBB05007A12AA /* FeedViewController.swift */ = {isa = PBXFileReference; lastKnownFileType = sourcecode.swift; path = FeedViewController.swift; sourceTree = "<group>"; };
		EF2D5A8A237FCA6A005A81AA /* CameraViewController.swift */ = {isa = PBXFileReference; lastKnownFileType = sourcecode.swift; path = CameraViewController.swift; sourceTree = "<group>"; };
		EF2D5A8C237FD206005A81AA /* PostCell.swift */ = {isa = PBXFileReference; lastKnownFileType = sourcecode.swift; path = PostCell.swift; sourceTree = "<group>"; };
		EF674F3C23850B2F00CABC6D /* CommentCell.swift */ = {isa = PBXFileReference; lastKnownFileType = sourcecode.swift; path = CommentCell.swift; sourceTree = "<group>"; };
		EFDD6432237F2C9800AEAF84 /* Parstagram.app */ = {isa = PBXFileReference; explicitFileType = wrapper.application; includeInIndex = 0; path = Parstagram.app; sourceTree = BUILT_PRODUCTS_DIR; };
		EFDD6435237F2C9800AEAF84 /* AppDelegate.swift */ = {isa = PBXFileReference; lastKnownFileType = sourcecode.swift; path = AppDelegate.swift; sourceTree = "<group>"; };
		EFDD643A237F2C9800AEAF84 /* Base */ = {isa = PBXFileReference; lastKnownFileType = file.storyboard; name = Base; path = Base.lproj/Main.storyboard; sourceTree = "<group>"; };
		EFDD643C237F2C9A00AEAF84 /* Assets.xcassets */ = {isa = PBXFileReference; lastKnownFileType = folder.assetcatalog; path = Assets.xcassets; sourceTree = "<group>"; };
		EFDD643F237F2C9A00AEAF84 /* Base */ = {isa = PBXFileReference; lastKnownFileType = file.storyboard; name = Base; path = Base.lproj/LaunchScreen.storyboard; sourceTree = "<group>"; };
		EFDD6441237F2C9A00AEAF84 /* Info.plist */ = {isa = PBXFileReference; lastKnownFileType = text.plist.xml; path = Info.plist; sourceTree = "<group>"; };
		EFDD6446237F2C9A00AEAF84 /* ParstagramTests.xctest */ = {isa = PBXFileReference; explicitFileType = wrapper.cfbundle; includeInIndex = 0; path = ParstagramTests.xctest; sourceTree = BUILT_PRODUCTS_DIR; };
		EFDD644A237F2C9A00AEAF84 /* ParstagramTests.swift */ = {isa = PBXFileReference; lastKnownFileType = sourcecode.swift; path = ParstagramTests.swift; sourceTree = "<group>"; };
		EFDD644C237F2C9A00AEAF84 /* Info.plist */ = {isa = PBXFileReference; lastKnownFileType = text.plist.xml; path = Info.plist; sourceTree = "<group>"; };
		EFDD6451237F2C9A00AEAF84 /* ParstagramUITests.xctest */ = {isa = PBXFileReference; explicitFileType = wrapper.cfbundle; includeInIndex = 0; path = ParstagramUITests.xctest; sourceTree = BUILT_PRODUCTS_DIR; };
		EFDD6455237F2C9A00AEAF84 /* ParstagramUITests.swift */ = {isa = PBXFileReference; lastKnownFileType = sourcecode.swift; path = ParstagramUITests.swift; sourceTree = "<group>"; };
		EFDD6457237F2C9A00AEAF84 /* Info.plist */ = {isa = PBXFileReference; lastKnownFileType = text.plist.xml; path = Info.plist; sourceTree = "<group>"; };
/* End PBXFileReference section */

/* Begin PBXFrameworksBuildPhase section */
		EFDD642F237F2C9800AEAF84 /* Frameworks */ = {
			isa = PBXFrameworksBuildPhase;
			buildActionMask = 2147483647;
			files = (
				5A506B759DC5AD377BBE729F /* Pods_Parstagram.framework in Frameworks */,
			);
			runOnlyForDeploymentPostprocessing = 0;
		};
		EFDD6443237F2C9A00AEAF84 /* Frameworks */ = {
			isa = PBXFrameworksBuildPhase;
			buildActionMask = 2147483647;
			files = (
				78CD4AB95205CE17B21448E4 /* Pods_ParstagramTests.framework in Frameworks */,
			);
			runOnlyForDeploymentPostprocessing = 0;
		};
		EFDD644E237F2C9A00AEAF84 /* Frameworks */ = {
			isa = PBXFrameworksBuildPhase;
			buildActionMask = 2147483647;
			files = (
				0CE823B31E68E2D5F3CB4586 /* Pods_Parstagram_ParstagramUITests.framework in Frameworks */,
			);
			runOnlyForDeploymentPostprocessing = 0;
		};
/* End PBXFrameworksBuildPhase section */

/* Begin PBXGroup section */
		713CBC01DC4EE49822C69095 /* Pods */ = {
			isa = PBXGroup;
			children = (
				C545CE31B66E6BF257085E6F /* Pods-Parstagram.debug.xcconfig */,
				AFCFFCB76296E4FDACAD1EB5 /* Pods-Parstagram.release.xcconfig */,
				E895CBDCD61F01193EAE411D /* Pods-Parstagram-ParstagramUITests.debug.xcconfig */,
				4AF36F739679885BD9C56730 /* Pods-Parstagram-ParstagramUITests.release.xcconfig */,
				18384FC842128C39B6CA8CF3 /* Pods-ParstagramTests.debug.xcconfig */,
				81E050231F21BF69F3E5F4DC /* Pods-ParstagramTests.release.xcconfig */,
			);
			path = Pods;
			sourceTree = "<group>";
		};
		EEE0D51C1060CBA0D81CA119 /* Frameworks */ = {
			isa = PBXGroup;
			children = (
				5BC8DA3BDD04FCCEE4834A23 /* Pods_Parstagram.framework */,
				1974620F61FF8D4684D2C30D /* Pods_Parstagram_ParstagramUITests.framework */,
				4AF8808D6EC0B4B7E90EEE43 /* Pods_ParstagramTests.framework */,
			);
			name = Frameworks;
			sourceTree = "<group>";
		};
		EFDD6429237F2C9800AEAF84 = {
			isa = PBXGroup;
			children = (
				EFDD6434237F2C9800AEAF84 /* Parstagram */,
				EFDD6449237F2C9A00AEAF84 /* ParstagramTests */,
				EFDD6454237F2C9A00AEAF84 /* ParstagramUITests */,
				EFDD6433237F2C9800AEAF84 /* Products */,
				713CBC01DC4EE49822C69095 /* Pods */,
				EEE0D51C1060CBA0D81CA119 /* Frameworks */,
			);
			sourceTree = "<group>";
		};
		EFDD6433237F2C9800AEAF84 /* Products */ = {
			isa = PBXGroup;
			children = (
				EFDD6432237F2C9800AEAF84 /* Parstagram.app */,
				EFDD6446237F2C9A00AEAF84 /* ParstagramTests.xctest */,
				EFDD6451237F2C9A00AEAF84 /* ParstagramUITests.xctest */,
			);
			name = Products;
			sourceTree = "<group>";
		};
		EFDD6434237F2C9800AEAF84 /* Parstagram */ = {
			isa = PBXGroup;
			children = (
				EFDD6435237F2C9800AEAF84 /* AppDelegate.swift */,
				EFDD6439237F2C9800AEAF84 /* Main.storyboard */,
				EFDD643C237F2C9A00AEAF84 /* Assets.xcassets */,
				EFDD643E237F2C9A00AEAF84 /* LaunchScreen.storyboard */,
				EFDD6441237F2C9A00AEAF84 /* Info.plist */,
				EF1A5C9D237FBAF7007A12AA /* LoginViewController.swift */,
				EF1A5C9F237FBB05007A12AA /* FeedViewController.swift */,
				EF2D5A8A237FCA6A005A81AA /* CameraViewController.swift */,
				EF2D5A8C237FD206005A81AA /* PostCell.swift */,
				EF674F3C23850B2F00CABC6D /* CommentCell.swift */,
			);
			path = Parstagram;
			sourceTree = "<group>";
		};
		EFDD6449237F2C9A00AEAF84 /* ParstagramTests */ = {
			isa = PBXGroup;
			children = (
				EFDD644A237F2C9A00AEAF84 /* ParstagramTests.swift */,
				EFDD644C237F2C9A00AEAF84 /* Info.plist */,
			);
			path = ParstagramTests;
			sourceTree = "<group>";
		};
		EFDD6454237F2C9A00AEAF84 /* ParstagramUITests */ = {
			isa = PBXGroup;
			children = (
				EFDD6455237F2C9A00AEAF84 /* ParstagramUITests.swift */,
				EFDD6457237F2C9A00AEAF84 /* Info.plist */,
			);
			path = ParstagramUITests;
			sourceTree = "<group>";
		};
/* End PBXGroup section */

/* Begin PBXNativeTarget section */
		EFDD6431237F2C9800AEAF84 /* Parstagram */ = {
			isa = PBXNativeTarget;
			buildConfigurationList = EFDD645A237F2C9A00AEAF84 /* Build configuration list for PBXNativeTarget "Parstagram" */;
			buildPhases = (
				50FD080405B057E4CAB32678 /* [CP] Check Pods Manifest.lock */,
				EFDD642E237F2C9800AEAF84 /* Sources */,
				EFDD642F237F2C9800AEAF84 /* Frameworks */,
				EFDD6430237F2C9800AEAF84 /* Resources */,
				19945D4F4750E0B7EB9F6FC4 /* [CP] Embed Pods Frameworks */,
			);
			buildRules = (
			);
			dependencies = (
			);
			name = Parstagram;
			productName = Parstagram;
			productReference = EFDD6432237F2C9800AEAF84 /* Parstagram.app */;
			productType = "com.apple.product-type.application";
		};
		EFDD6445237F2C9A00AEAF84 /* ParstagramTests */ = {
			isa = PBXNativeTarget;
			buildConfigurationList = EFDD645D237F2C9A00AEAF84 /* Build configuration list for PBXNativeTarget "ParstagramTests" */;
			buildPhases = (
				106C61A2B799C1A50F88D05E /* [CP] Check Pods Manifest.lock */,
				EFDD6442237F2C9A00AEAF84 /* Sources */,
				EFDD6443237F2C9A00AEAF84 /* Frameworks */,
				EFDD6444237F2C9A00AEAF84 /* Resources */,
			);
			buildRules = (
			);
			dependencies = (
				EFDD6448237F2C9A00AEAF84 /* PBXTargetDependency */,
			);
			name = ParstagramTests;
			productName = ParstagramTests;
			productReference = EFDD6446237F2C9A00AEAF84 /* ParstagramTests.xctest */;
			productType = "com.apple.product-type.bundle.unit-test";
		};
		EFDD6450237F2C9A00AEAF84 /* ParstagramUITests */ = {
			isa = PBXNativeTarget;
			buildConfigurationList = EFDD6460237F2C9A00AEAF84 /* Build configuration list for PBXNativeTarget "ParstagramUITests" */;
			buildPhases = (
				6530683EF7EB5270521B5A66 /* [CP] Check Pods Manifest.lock */,
				EFDD644D237F2C9A00AEAF84 /* Sources */,
				EFDD644E237F2C9A00AEAF84 /* Frameworks */,
				EFDD644F237F2C9A00AEAF84 /* Resources */,
				66D38FA4F569BE7F6C939512 /* [CP] Embed Pods Frameworks */,
			);
			buildRules = (
			);
			dependencies = (
				EFDD6453237F2C9A00AEAF84 /* PBXTargetDependency */,
			);
			name = ParstagramUITests;
			productName = ParstagramUITests;
			productReference = EFDD6451237F2C9A00AEAF84 /* ParstagramUITests.xctest */;
			productType = "com.apple.product-type.bundle.ui-testing";
		};
/* End PBXNativeTarget section */

/* Begin PBXProject section */
		EFDD642A237F2C9800AEAF84 /* Project object */ = {
			isa = PBXProject;
			attributes = {
				LastSwiftUpdateCheck = 1010;
				LastUpgradeCheck = 1010;
				ORGANIZATIONNAME = "Mae LaPresta";
				TargetAttributes = {
					EFDD6431237F2C9800AEAF84 = {
						CreatedOnToolsVersion = 10.1;
					};
					EFDD6445237F2C9A00AEAF84 = {
						CreatedOnToolsVersion = 10.1;
						TestTargetID = EFDD6431237F2C9800AEAF84;
					};
					EFDD6450237F2C9A00AEAF84 = {
						CreatedOnToolsVersion = 10.1;
						TestTargetID = EFDD6431237F2C9800AEAF84;
					};
				};
			};
			buildConfigurationList = EFDD642D237F2C9800AEAF84 /* Build configuration list for PBXProject "Parstagram" */;
			compatibilityVersion = "Xcode 9.3";
			developmentRegion = en;
			hasScannedForEncodings = 0;
			knownRegions = (
				en,
				Base,
			);
			mainGroup = EFDD6429237F2C9800AEAF84;
			productRefGroup = EFDD6433237F2C9800AEAF84 /* Products */;
			projectDirPath = "";
			projectRoot = "";
			targets = (
				EFDD6431237F2C9800AEAF84 /* Parstagram */,
				EFDD6445237F2C9A00AEAF84 /* ParstagramTests */,
				EFDD6450237F2C9A00AEAF84 /* ParstagramUITests */,
			);
		};
/* End PBXProject section */

/* Begin PBXResourcesBuildPhase section */
		EFDD6430237F2C9800AEAF84 /* Resources */ = {
			isa = PBXResourcesBuildPhase;
			buildActionMask = 2147483647;
			files = (
				EFDD6440237F2C9A00AEAF84 /* LaunchScreen.storyboard in Resources */,
				EFDD643D237F2C9A00AEAF84 /* Assets.xcassets in Resources */,
				EFDD643B237F2C9800AEAF84 /* Main.storyboard in Resources */,
			);
			runOnlyForDeploymentPostprocessing = 0;
		};
		EFDD6444237F2C9A00AEAF84 /* Resources */ = {
			isa = PBXResourcesBuildPhase;
			buildActionMask = 2147483647;
			files = (
			);
			runOnlyForDeploymentPostprocessing = 0;
		};
		EFDD644F237F2C9A00AEAF84 /* Resources */ = {
			isa = PBXResourcesBuildPhase;
			buildActionMask = 2147483647;
			files = (
			);
			runOnlyForDeploymentPostprocessing = 0;
		};
/* End PBXResourcesBuildPhase section */

/* Begin PBXShellScriptBuildPhase section */
		106C61A2B799C1A50F88D05E /* [CP] Check Pods Manifest.lock */ = {
			isa = PBXShellScriptBuildPhase;
			buildActionMask = 2147483647;
			files = (
			);
			inputFileListPaths = (
			);
			inputPaths = (
				"${PODS_PODFILE_DIR_PATH}/Podfile.lock",
				"${PODS_ROOT}/Manifest.lock",
			);
			name = "[CP] Check Pods Manifest.lock";
			outputFileListPaths = (
			);
			outputPaths = (
				"$(DERIVED_FILE_DIR)/Pods-ParstagramTests-checkManifestLockResult.txt",
			);
			runOnlyForDeploymentPostprocessing = 0;
			shellPath = /bin/sh;
			shellScript = "diff \"${PODS_PODFILE_DIR_PATH}/Podfile.lock\" \"${PODS_ROOT}/Manifest.lock\" > /dev/null\nif [ $? != 0 ] ; then\n    # print error to STDERR\n    echo \"error: The sandbox is not in sync with the Podfile.lock. Run 'pod install' or update your CocoaPods installation.\" >&2\n    exit 1\nfi\n# This output is used by Xcode 'outputs' to avoid re-running this script phase.\necho \"SUCCESS\" > \"${SCRIPT_OUTPUT_FILE_0}\"\n";
			showEnvVarsInLog = 0;
		};
		19945D4F4750E0B7EB9F6FC4 /* [CP] Embed Pods Frameworks */ = {
			isa = PBXShellScriptBuildPhase;
			buildActionMask = 2147483647;
			files = (
			);
			inputFileListPaths = (
				"${PODS_ROOT}/Target Support Files/Pods-Parstagram/Pods-Parstagram-frameworks-${CONFIGURATION}-input-files.xcfilelist",
			);
			name = "[CP] Embed Pods Frameworks";
			outputFileListPaths = (
				"${PODS_ROOT}/Target Support Files/Pods-Parstagram/Pods-Parstagram-frameworks-${CONFIGURATION}-output-files.xcfilelist",
			);
			runOnlyForDeploymentPostprocessing = 0;
			shellPath = /bin/sh;
			shellScript = "\"${PODS_ROOT}/Target Support Files/Pods-Parstagram/Pods-Parstagram-frameworks.sh\"\n";
			showEnvVarsInLog = 0;
		};
		50FD080405B057E4CAB32678 /* [CP] Check Pods Manifest.lock */ = {
			isa = PBXShellScriptBuildPhase;
			buildActionMask = 2147483647;
			files = (
			);
			inputFileListPaths = (
			);
			inputPaths = (
				"${PODS_PODFILE_DIR_PATH}/Podfile.lock",
				"${PODS_ROOT}/Manifest.lock",
			);
			name = "[CP] Check Pods Manifest.lock";
			outputFileListPaths = (
			);
			outputPaths = (
				"$(DERIVED_FILE_DIR)/Pods-Parstagram-checkManifestLockResult.txt",
			);
			runOnlyForDeploymentPostprocessing = 0;
			shellPath = /bin/sh;
			shellScript = "diff \"${PODS_PODFILE_DIR_PATH}/Podfile.lock\" \"${PODS_ROOT}/Manifest.lock\" > /dev/null\nif [ $? != 0 ] ; then\n    # print error to STDERR\n    echo \"error: The sandbox is not in sync with the Podfile.lock. Run 'pod install' or update your CocoaPods installation.\" >&2\n    exit 1\nfi\n# This output is used by Xcode 'outputs' to avoid re-running this script phase.\necho \"SUCCESS\" > \"${SCRIPT_OUTPUT_FILE_0}\"\n";
			showEnvVarsInLog = 0;
		};
		6530683EF7EB5270521B5A66 /* [CP] Check Pods Manifest.lock */ = {
			isa = PBXShellScriptBuildPhase;
			buildActionMask = 2147483647;
			files = (
			);
			inputFileListPaths = (
			);
			inputPaths = (
				"${PODS_PODFILE_DIR_PATH}/Podfile.lock",
				"${PODS_ROOT}/Manifest.lock",
			);
			name = "[CP] Check Pods Manifest.lock";
			outputFileListPaths = (
			);
			outputPaths = (
				"$(DERIVED_FILE_DIR)/Pods-Parstagram-ParstagramUITests-checkManifestLockResult.txt",
			);
			runOnlyForDeploymentPostprocessing = 0;
			shellPath = /bin/sh;
			shellScript = "diff \"${PODS_PODFILE_DIR_PATH}/Podfile.lock\" \"${PODS_ROOT}/Manifest.lock\" > /dev/null\nif [ $? != 0 ] ; then\n    # print error to STDERR\n    echo \"error: The sandbox is not in sync with the Podfile.lock. Run 'pod install' or update your CocoaPods installation.\" >&2\n    exit 1\nfi\n# This output is used by Xcode 'outputs' to avoid re-running this script phase.\necho \"SUCCESS\" > \"${SCRIPT_OUTPUT_FILE_0}\"\n";
			showEnvVarsInLog = 0;
		};
		66D38FA4F569BE7F6C939512 /* [CP] Embed Pods Frameworks */ = {
			isa = PBXShellScriptBuildPhase;
			buildActionMask = 2147483647;
			files = (
			);
			inputFileListPaths = (
				"${PODS_ROOT}/Target Support Files/Pods-Parstagram-ParstagramUITests/Pods-Parstagram-ParstagramUITests-frameworks-${CONFIGURATION}-input-files.xcfilelist",
			);
			name = "[CP] Embed Pods Frameworks";
			outputFileListPaths = (
				"${PODS_ROOT}/Target Support Files/Pods-Parstagram-ParstagramUITests/Pods-Parstagram-ParstagramUITests-frameworks-${CONFIGURATION}-output-files.xcfilelist",
			);
			runOnlyForDeploymentPostprocessing = 0;
			shellPath = /bin/sh;
			shellScript = "\"${PODS_ROOT}/Target Support Files/Pods-Parstagram-ParstagramUITests/Pods-Parstagram-ParstagramUITests-frameworks.sh\"\n";
			showEnvVarsInLog = 0;
		};
/* End PBXShellScriptBuildPhase section */

/* Begin PBXSourcesBuildPhase section */
		EFDD642E237F2C9800AEAF84 /* Sources */ = {
			isa = PBXSourcesBuildPhase;
			buildActionMask = 2147483647;
			files = (
				EF1A5C9E237FBAF7007A12AA /* LoginViewController.swift in Sources */,
				EF2D5A8B237FCA6A005A81AA /* CameraViewController.swift in Sources */,
				EF1A5CA0237FBB05007A12AA /* FeedViewController.swift in Sources */,
				EFDD6436237F2C9800AEAF84 /* AppDelegate.swift in Sources */,
				EF2D5A8D237FD206005A81AA /* PostCell.swift in Sources */,
				EF674F3D23850B2F00CABC6D /* CommentCell.swift in Sources */,
			);
			runOnlyForDeploymentPostprocessing = 0;
		};
		EFDD6442237F2C9A00AEAF84 /* Sources */ = {
			isa = PBXSourcesBuildPhase;
			buildActionMask = 2147483647;
			files = (
				EFDD644B237F2C9A00AEAF84 /* ParstagramTests.swift in Sources */,
			);
			runOnlyForDeploymentPostprocessing = 0;
		};
		EFDD644D237F2C9A00AEAF84 /* Sources */ = {
			isa = PBXSourcesBuildPhase;
			buildActionMask = 2147483647;
			files = (
				EFDD6456237F2C9A00AEAF84 /* ParstagramUITests.swift in Sources */,
			);
			runOnlyForDeploymentPostprocessing = 0;
		};
/* End PBXSourcesBuildPhase section */

/* Begin PBXTargetDependency section */
		EFDD6448237F2C9A00AEAF84 /* PBXTargetDependency */ = {
			isa = PBXTargetDependency;
			target = EFDD6431237F2C9800AEAF84 /* Parstagram */;
			targetProxy = EFDD6447237F2C9A00AEAF84 /* PBXContainerItemProxy */;
		};
		EFDD6453237F2C9A00AEAF84 /* PBXTargetDependency */ = {
			isa = PBXTargetDependency;
			target = EFDD6431237F2C9800AEAF84 /* Parstagram */;
			targetProxy = EFDD6452237F2C9A00AEAF84 /* PBXContainerItemProxy */;
		};
/* End PBXTargetDependency section */

/* Begin PBXVariantGroup section */
		EFDD6439237F2C9800AEAF84 /* Main.storyboard */ = {
			isa = PBXVariantGroup;
			children = (
				EFDD643A237F2C9800AEAF84 /* Base */,
			);
			name = Main.storyboard;
			sourceTree = "<group>";
		};
		EFDD643E237F2C9A00AEAF84 /* LaunchScreen.storyboard */ = {
			isa = PBXVariantGroup;
			children = (
				EFDD643F237F2C9A00AEAF84 /* Base */,
			);
			name = LaunchScreen.storyboard;
			sourceTree = "<group>";
		};
/* End PBXVariantGroup section */

/* Begin XCBuildConfiguration section */
		EFDD6458237F2C9A00AEAF84 /* Debug */ = {
			isa = XCBuildConfiguration;
			buildSettings = {
				ALWAYS_SEARCH_USER_PATHS = NO;
				CLANG_ANALYZER_NONNULL = YES;
				CLANG_ANALYZER_NUMBER_OBJECT_CONVERSION = YES_AGGRESSIVE;
				CLANG_CXX_LANGUAGE_STANDARD = "gnu++14";
				CLANG_CXX_LIBRARY = "libc++";
				CLANG_ENABLE_MODULES = YES;
				CLANG_ENABLE_OBJC_ARC = YES;
				CLANG_ENABLE_OBJC_WEAK = YES;
				CLANG_WARN_BLOCK_CAPTURE_AUTORELEASING = YES;
				CLANG_WARN_BOOL_CONVERSION = YES;
				CLANG_WARN_COMMA = YES;
				CLANG_WARN_CONSTANT_CONVERSION = YES;
				CLANG_WARN_DEPRECATED_OBJC_IMPLEMENTATIONS = YES;
				CLANG_WARN_DIRECT_OBJC_ISA_USAGE = YES_ERROR;
				CLANG_WARN_DOCUMENTATION_COMMENTS = YES;
				CLANG_WARN_EMPTY_BODY = YES;
				CLANG_WARN_ENUM_CONVERSION = YES;
				CLANG_WARN_INFINITE_RECURSION = YES;
				CLANG_WARN_INT_CONVERSION = YES;
				CLANG_WARN_NON_LITERAL_NULL_CONVERSION = YES;
				CLANG_WARN_OBJC_IMPLICIT_RETAIN_SELF = YES;
				CLANG_WARN_OBJC_LITERAL_CONVERSION = YES;
				CLANG_WARN_OBJC_ROOT_CLASS = YES_ERROR;
				CLANG_WARN_RANGE_LOOP_ANALYSIS = YES;
				CLANG_WARN_STRICT_PROTOTYPES = YES;
				CLANG_WARN_SUSPICIOUS_MOVE = YES;
				CLANG_WARN_UNGUARDED_AVAILABILITY = YES_AGGRESSIVE;
				CLANG_WARN_UNREACHABLE_CODE = YES;
				CLANG_WARN__DUPLICATE_METHOD_MATCH = YES;
				CODE_SIGN_IDENTITY = "iPhone Developer";
				COPY_PHASE_STRIP = NO;
				DEBUG_INFORMATION_FORMAT = dwarf;
				ENABLE_STRICT_OBJC_MSGSEND = YES;
				ENABLE_TESTABILITY = YES;
				GCC_C_LANGUAGE_STANDARD = gnu11;
				GCC_DYNAMIC_NO_PIC = NO;
				GCC_NO_COMMON_BLOCKS = YES;
				GCC_OPTIMIZATION_LEVEL = 0;
				GCC_PREPROCESSOR_DEFINITIONS = (
					"DEBUG=1",
					"$(inherited)",
				);
				GCC_WARN_64_TO_32_BIT_CONVERSION = YES;
				GCC_WARN_ABOUT_RETURN_TYPE = YES_ERROR;
				GCC_WARN_UNDECLARED_SELECTOR = YES;
				GCC_WARN_UNINITIALIZED_AUTOS = YES_AGGRESSIVE;
				GCC_WARN_UNUSED_FUNCTION = YES;
				GCC_WARN_UNUSED_VARIABLE = YES;
				IPHONEOS_DEPLOYMENT_TARGET = 12.1;
				MTL_ENABLE_DEBUG_INFO = INCLUDE_SOURCE;
				MTL_FAST_MATH = YES;
				ONLY_ACTIVE_ARCH = YES;
				SDKROOT = iphoneos;
				SWIFT_ACTIVE_COMPILATION_CONDITIONS = DEBUG;
				SWIFT_OPTIMIZATION_LEVEL = "-Onone";
			};
			name = Debug;
		};
		EFDD6459237F2C9A00AEAF84 /* Release */ = {
			isa = XCBuildConfiguration;
			buildSettings = {
				ALWAYS_SEARCH_USER_PATHS = NO;
				CLANG_ANALYZER_NONNULL = YES;
				CLANG_ANALYZER_NUMBER_OBJECT_CONVERSION = YES_AGGRESSIVE;
				CLANG_CXX_LANGUAGE_STANDARD = "gnu++14";
				CLANG_CXX_LIBRARY = "libc++";
				CLANG_ENABLE_MODULES = YES;
				CLANG_ENABLE_OBJC_ARC = YES;
				CLANG_ENABLE_OBJC_WEAK = YES;
				CLANG_WARN_BLOCK_CAPTURE_AUTORELEASING = YES;
				CLANG_WARN_BOOL_CONVERSION = YES;
				CLANG_WARN_COMMA = YES;
				CLANG_WARN_CONSTANT_CONVERSION = YES;
				CLANG_WARN_DEPRECATED_OBJC_IMPLEMENTATIONS = YES;
				CLANG_WARN_DIRECT_OBJC_ISA_USAGE = YES_ERROR;
				CLANG_WARN_DOCUMENTATION_COMMENTS = YES;
				CLANG_WARN_EMPTY_BODY = YES;
				CLANG_WARN_ENUM_CONVERSION = YES;
				CLANG_WARN_INFINITE_RECURSION = YES;
				CLANG_WARN_INT_CONVERSION = YES;
				CLANG_WARN_NON_LITERAL_NULL_CONVERSION = YES;
				CLANG_WARN_OBJC_IMPLICIT_RETAIN_SELF = YES;
				CLANG_WARN_OBJC_LITERAL_CONVERSION = YES;
				CLANG_WARN_OBJC_ROOT_CLASS = YES_ERROR;
				CLANG_WARN_RANGE_LOOP_ANALYSIS = YES;
				CLANG_WARN_STRICT_PROTOTYPES = YES;
				CLANG_WARN_SUSPICIOUS_MOVE = YES;
				CLANG_WARN_UNGUARDED_AVAILABILITY = YES_AGGRESSIVE;
				CLANG_WARN_UNREACHABLE_CODE = YES;
				CLANG_WARN__DUPLICATE_METHOD_MATCH = YES;
				CODE_SIGN_IDENTITY = "iPhone Developer";
				COPY_PHASE_STRIP = NO;
				DEBUG_INFORMATION_FORMAT = "dwarf-with-dsym";
				ENABLE_NS_ASSERTIONS = NO;
				ENABLE_STRICT_OBJC_MSGSEND = YES;
				GCC_C_LANGUAGE_STANDARD = gnu11;
				GCC_NO_COMMON_BLOCKS = YES;
				GCC_WARN_64_TO_32_BIT_CONVERSION = YES;
				GCC_WARN_ABOUT_RETURN_TYPE = YES_ERROR;
				GCC_WARN_UNDECLARED_SELECTOR = YES;
				GCC_WARN_UNINITIALIZED_AUTOS = YES_AGGRESSIVE;
				GCC_WARN_UNUSED_FUNCTION = YES;
				GCC_WARN_UNUSED_VARIABLE = YES;
				IPHONEOS_DEPLOYMENT_TARGET = 12.1;
				MTL_ENABLE_DEBUG_INFO = NO;
				MTL_FAST_MATH = YES;
				SDKROOT = iphoneos;
				SWIFT_COMPILATION_MODE = wholemodule;
				SWIFT_OPTIMIZATION_LEVEL = "-O";
				VALIDATE_PRODUCT = YES;
			};
			name = Release;
		};
		EFDD645B237F2C9A00AEAF84 /* Debug */ = {
			isa = XCBuildConfiguration;
			baseConfigurationReference = C545CE31B66E6BF257085E6F /* Pods-Parstagram.debug.xcconfig */;
			buildSettings = {
				ASSETCATALOG_COMPILER_APPICON_NAME = AppIcon;
				CODE_SIGN_STYLE = Automatic;
				INFOPLIST_FILE = Parstagram/Info.plist;
				LD_RUNPATH_SEARCH_PATHS = (
					"$(inherited)",
					"@executable_path/Frameworks",
				);
				PRODUCT_BUNDLE_IDENTIFIER = com.MLapresta.Parstagram;
				PRODUCT_NAME = "$(TARGET_NAME)";
				SWIFT_VERSION = 4.2;
				TARGETED_DEVICE_FAMILY = "1,2";
			};
			name = Debug;
		};
		EFDD645C237F2C9A00AEAF84 /* Release */ = {
			isa = XCBuildConfiguration;
			baseConfigurationReference = AFCFFCB76296E4FDACAD1EB5 /* Pods-Parstagram.release.xcconfig */;
			buildSettings = {
				ASSETCATALOG_COMPILER_APPICON_NAME = AppIcon;
				CODE_SIGN_STYLE = Automatic;
				INFOPLIST_FILE = Parstagram/Info.plist;
				LD_RUNPATH_SEARCH_PATHS = (
					"$(inherited)",
					"@executable_path/Frameworks",
				);
				PRODUCT_BUNDLE_IDENTIFIER = com.MLapresta.Parstagram;
				PRODUCT_NAME = "$(TARGET_NAME)";
				SWIFT_VERSION = 4.2;
				TARGETED_DEVICE_FAMILY = "1,2";
			};
			name = Release;
		};
		EFDD645E237F2C9A00AEAF84 /* Debug */ = {
			isa = XCBuildConfiguration;
			baseConfigurationReference = 18384FC842128C39B6CA8CF3 /* Pods-ParstagramTests.debug.xcconfig */;
			buildSettings = {
				ALWAYS_EMBED_SWIFT_STANDARD_LIBRARIES = YES;
				BUNDLE_LOADER = "$(TEST_HOST)";
				CODE_SIGN_STYLE = Automatic;
				INFOPLIST_FILE = ParstagramTests/Info.plist;
				LD_RUNPATH_SEARCH_PATHS = (
					"$(inherited)",
					"@executable_path/Frameworks",
					"@loader_path/Frameworks",
				);
				PRODUCT_BUNDLE_IDENTIFIER = com.MLapresta.ParstagramTests;
				PRODUCT_NAME = "$(TARGET_NAME)";
				SWIFT_VERSION = 4.2;
				TARGETED_DEVICE_FAMILY = "1,2";
				TEST_HOST = "$(BUILT_PRODUCTS_DIR)/Parstagram.app/Parstagram";
			};
			name = Debug;
		};
		EFDD645F237F2C9A00AEAF84 /* Release */ = {
			isa = XCBuildConfiguration;
			baseConfigurationReference = 81E050231F21BF69F3E5F4DC /* Pods-ParstagramTests.release.xcconfig */;
			buildSettings = {
				ALWAYS_EMBED_SWIFT_STANDARD_LIBRARIES = YES;
				BUNDLE_LOADER = "$(TEST_HOST)";
				CODE_SIGN_STYLE = Automatic;
				INFOPLIST_FILE = ParstagramTests/Info.plist;
				LD_RUNPATH_SEARCH_PATHS = (
					"$(inherited)",
					"@executable_path/Frameworks",
					"@loader_path/Frameworks",
				);
				PRODUCT_BUNDLE_IDENTIFIER = com.MLapresta.ParstagramTests;
				PRODUCT_NAME = "$(TARGET_NAME)";
				SWIFT_VERSION = 4.2;
				TARGETED_DEVICE_FAMILY = "1,2";
				TEST_HOST = "$(BUILT_PRODUCTS_DIR)/Parstagram.app/Parstagram";
			};
			name = Release;
		};
		EFDD6461237F2C9A00AEAF84 /* Debug */ = {
			isa = XCBuildConfiguration;
			baseConfigurationReference = E895CBDCD61F01193EAE411D /* Pods-Parstagram-ParstagramUITests.debug.xcconfig */;
			buildSettings = {
				ALWAYS_EMBED_SWIFT_STANDARD_LIBRARIES = YES;
				CODE_SIGN_STYLE = Automatic;
				INFOPLIST_FILE = ParstagramUITests/Info.plist;
				LD_RUNPATH_SEARCH_PATHS = (
					"$(inherited)",
					"@executable_path/Frameworks",
					"@loader_path/Frameworks",
				);
				PRODUCT_BUNDLE_IDENTIFIER = com.MLapresta.ParstagramUITests;
				PRODUCT_NAME = "$(TARGET_NAME)";
				SWIFT_VERSION = 4.2;
				TARGETED_DEVICE_FAMILY = "1,2";
				TEST_TARGET_NAME = Parstagram;
			};
			name = Debug;
		};
		EFDD6462237F2C9A00AEAF84 /* Release */ = {
			isa = XCBuildConfiguration;
			baseConfigurationReference = 4AF36F739679885BD9C56730 /* Pods-Parstagram-ParstagramUITests.release.xcconfig */;
			buildSettings = {
				ALWAYS_EMBED_SWIFT_STANDARD_LIBRARIES = YES;
				CODE_SIGN_STYLE = Automatic;
				INFOPLIST_FILE = ParstagramUITests/Info.plist;
				LD_RUNPATH_SEARCH_PATHS = (
					"$(inherited)",
					"@executable_path/Frameworks",
					"@loader_path/Frameworks",
				);
				PRODUCT_BUNDLE_IDENTIFIER = com.MLapresta.ParstagramUITests;
				PRODUCT_NAME = "$(TARGET_NAME)";
				SWIFT_VERSION = 4.2;
				TARGETED_DEVICE_FAMILY = "1,2";
				TEST_TARGET_NAME = Parstagram;
			};
			name = Release;
		};
/* End XCBuildConfiguration section */

/* Begin XCConfigurationList section */
		EFDD642D237F2C9800AEAF84 /* Build configuration list for PBXProject "Parstagram" */ = {
			isa = XCConfigurationList;
			buildConfigurations = (
				EFDD6458237F2C9A00AEAF84 /* Debug */,
				EFDD6459237F2C9A00AEAF84 /* Release */,
			);
			defaultConfigurationIsVisible = 0;
			defaultConfigurationName = Release;
		};
		EFDD645A237F2C9A00AEAF84 /* Build configuration list for PBXNativeTarget "Parstagram" */ = {
			isa = XCConfigurationList;
			buildConfigurations = (
				EFDD645B237F2C9A00AEAF84 /* Debug */,
				EFDD645C237F2C9A00AEAF84 /* Release */,
			);
			defaultConfigurationIsVisible = 0;
			defaultConfigurationName = Release;
		};
		EFDD645D237F2C9A00AEAF84 /* Build configuration list for PBXNativeTarget "ParstagramTests" */ = {
			isa = XCConfigurationList;
			buildConfigurations = (
				EFDD645E237F2C9A00AEAF84 /* Debug */,
				EFDD645F237F2C9A00AEAF84 /* Release */,
			);
			defaultConfigurationIsVisible = 0;
			defaultConfigurationName = Release;
		};
		EFDD6460237F2C9A00AEAF84 /* Build configuration list for PBXNativeTarget "ParstagramUITests" */ = {
			isa = XCConfigurationList;
			buildConfigurations = (
				EFDD6461237F2C9A00AEAF84 /* Debug */,
				EFDD6462237F2C9A00AEAF84 /* Release */,
			);
			defaultConfigurationIsVisible = 0;
			defaultConfigurationName = Release;
		};
/* End XCConfigurationList section */
	};
	rootObject = EFDD642A237F2C9800AEAF84 /* Project object */;
}
